
Microsoft Visual Studio Solution File, Format Version 12.00
# Visual Studio Version 17
VisualStudioVersion = 17.2.32616.157
MinimumVisualStudioVersion = 10.0.40219.1
Project("{FAE04EC0-301F-11D3-BF4B-00C04F79EFBC}") = "FormSubmission", "FormSubmission\FormSubmission.csproj", "{413F5DBB-0F56-461A-98B0-E2040D208327}"
EndProject
Global
	GlobalSection(SolutionConfigurationPlatforms) = preSolution
		Debug|Any CPU = Debug|Any CPU
		Release|Any CPU = Release|Any CPU
	EndGlobalSection
	GlobalSection(ProjectConfigurationPlatforms) = postSolution
		{413F5DBB-0F56-461A-98B0-E2040D208327}.Debug|Any CPU.ActiveCfg = Debug|Any CPU
		{413F5DBB-0F56-461A-98B0-E2040D208327}.Debug|Any CPU.Build.0 = Debug|Any CPU
		{413F5DBB-0F56-461A-98B0-E2040D208327}.Release|Any CPU.ActiveCfg = Release|Any CPU
		{413F5DBB-0F56-461A-98B0-E2040D208327}.Release|Any CPU.Build.0 = Release|Any CPU
	EndGlobalSection
	GlobalSection(SolutionProperties) = preSolution
		HideSolutionNode = FALSE
	EndGlobalSection
	GlobalSection(ExtensibilityGlobals) = postSolution
		SolutionGuid = {FC5A7BFF-3A82-49FD-8412-8C9249E826B8}
	EndGlobalSection
EndGlobal
