
Microsoft Visual Studio Solution File, Format Version 12.00
# Visual Studio Version 17
VisualStudioVersion = 17.2.32616.157
MinimumVisualStudioVersion = 10.0.40219.1
Project("{FAE04EC0-301F-11D3-BF4B-00C04F79EFBC}") = "IntroAPI", "IntroAPI\IntroAPI.csproj", "{4A9151C0-DFF5-42E1-9515-D615F45C8F2E}"
EndProject
Global
	GlobalSection(SolutionConfigurationPlatforms) = preSolution
		Debug|Any CPU = Debug|Any CPU
		Release|Any CPU = Release|Any CPU
	EndGlobalSection
	GlobalSection(ProjectConfigurationPlatforms) = postSolution
		{4A9151C0-DFF5-42E1-9515-D615F45C8F2E}.Debug|Any CPU.ActiveCfg = Debug|Any CPU
		{4A9151C0-DFF5-42E1-9515-D615F45C8F2E}.Debug|Any CPU.Build.0 = Debug|Any CPU
		{4A9151C0-DFF5-42E1-9515-D615F45C8F2E}.Release|Any CPU.ActiveCfg = Release|Any CPU
		{4A9151C0-DFF5-42E1-9515-D615F45C8F2E}.Release|Any CPU.Build.0 = Release|Any CPU
	EndGlobalSection
	GlobalSection(SolutionProperties) = preSolution
		HideSolutionNode = FALSE
	EndGlobalSection
	GlobalSection(ExtensibilityGlobals) = postSolution
		SolutionGuid = {76F32EFF-EEAC-47EE-AD8D-71ECD17CF78A}
	EndGlobalSection
EndGlobal
